
Microsoft Visual Studio Solution File, Format Version 12.00
# Visual Studio 2012
Project("{FAE04EC0-301F-11D3-BF4B-00C04F79EFBC}") = "NSALK", "NSALK\NSALK.csproj", "{DBD2EC9A-8174-4643-9397-AF324C226098}"
EndProject
Global
	GlobalSection(SolutionConfigurationPlatforms) = preSolution
		Debug|Any CPU = Debug|Any CPU
		Release|Any CPU = Release|Any CPU
	EndGlobalSection
	GlobalSection(ProjectConfigurationPlatforms) = postSolution
		{DBD2EC9A-8174-4643-9397-AF324C226098}.Debug|Any CPU.ActiveCfg = Debug|Any CPU
		{DBD2EC9A-8174-4643-9397-AF324C226098}.Debug|Any CPU.Build.0 = Debug|Any CPU
		{DBD2EC9A-8174-4643-9397-AF324C226098}.Release|Any CPU.ActiveCfg = Release|Any CPU
		{DBD2EC9A-8174-4643-9397-AF324C226098}.Release|Any CPU.Build.0 = Release|Any CPU
	EndGlobalSection
	GlobalSection(SolutionProperties) = preSolution
		HideSolutionNode = FALSE
	EndGlobalSection
EndGlobal
